# This file is automatically @generated by Cargo.
# It is not intended for manual editing.
version = 4

[[package]]
name = "nexus-eval"
version = "0.1.0"
dependencies = [
 "nexus-lexer",
 "nexus-parser",
 "nexus-span",
]

[[package]]
name = "nexus-lexer"
version = "0.1.0"
dependencies = [
 "nexus-span",
 "nexus-token",
]

[[package]]
name = "nexus-parser"
version = "0.1.0"
dependencies = [
 "nexus-lexer",
 "nexus-span",
 "nexus-token",
]

[[package]]
name = "nexus-span"
version = "0.1.0"

[[package]]
name = "nexus-token"
version = "0.1.0"
dependencies = [
 "nexus-span",
]

[[package]]
name = "nexus-tui"
version = "0.1.0"
dependencies = [
 "nexus-eval",
 "nexus-lexer",
 "nexus-parser",
 "nexus-span",
 "nexus-token",
 "nexus-typeck",
]

[[package]]
name = "nexus-typeck"
version = "0.1.0"
dependencies = [
 "nexus-lexer",
 "nexus-parser",
 "nexus-span",
]
